// !$*UTF8*$!
{
	archiveVersion = 1;
	classes = {
	};
	objectVersion = 55;
	objects = {

/* Begin PBXBuildFile section */
		FE927D9927831E36009BF88D /* AlertController+Extension.swift in Sources */ = {isa = PBXBuildFile; fileRef = FE927D9827831E36009BF88D /* AlertController+Extension.swift */; };
		FE927D9C27831F17009BF88D /* Toast in Frameworks */ = {isa = PBXBuildFile; productRef = FE927D9B27831F17009BF88D /* Toast */; };
		FE927D9E27833515009BF88D /* BoardViewController.swift in Sources */ = {isa = PBXBuildFile; fileRef = FE927D9D27833515009BF88D /* BoardViewController.swift */; };
		FE927DA02783356B009BF88D /* BoardView.swift in Sources */ = {isa = PBXBuildFile; fileRef = FE927D9F2783356B009BF88D /* BoardView.swift */; };
		FE927DA227833583009BF88D /* BoardTableViewCell.swift in Sources */ = {isa = PBXBuildFile; fileRef = FE927DA127833583009BF88D /* BoardTableViewCell.swift */; };
		FE927DA4278335AC009BF88D /* GetCommentsViewModel.swift in Sources */ = {isa = PBXBuildFile; fileRef = FE927DA3278335AC009BF88D /* GetCommentsViewModel.swift */; };
		FE927DAF278448B8009BF88D /* BoardHeaderTableViewCell.swift in Sources */ = {isa = PBXBuildFile; fileRef = FE927DAE278448B8009BF88D /* BoardHeaderTableViewCell.swift */; };
		FE927DB127846077009BF88D /* CommentManager.swift in Sources */ = {isa = PBXBuildFile; fileRef = FE927DB027846077009BF88D /* CommentManager.swift */; };
		FE927DB3278461D2009BF88D /* Comment.swift in Sources */ = {isa = PBXBuildFile; fileRef = FE927DB2278461D2009BF88D /* Comment.swift */; };
		FE927DB52784638F009BF88D /* InsertCommentViewModel.swift in Sources */ = {isa = PBXBuildFile; fileRef = FE927DB42784638F009BF88D /* InsertCommentViewModel.swift */; };
		FE927DBB2785677E009BF88D /* InsertBoardViewController.swift in Sources */ = {isa = PBXBuildFile; fileRef = FE927DBA2785677E009BF88D /* InsertBoardViewController.swift */; };
		FE927DBD278569E8009BF88D /* InsertBoardView.swift in Sources */ = {isa = PBXBuildFile; fileRef = FE927DBC278569E8009BF88D /* InsertBoardView.swift */; };
		FE927DBF27856C7F009BF88D /* InsertPostViewModel.swift in Sources */ = {isa = PBXBuildFile; fileRef = FE927DBE27856C7F009BF88D /* InsertPostViewModel.swift */; };
		FE927DC127857EAB009BF88D /* InsertPost.swift in Sources */ = {isa = PBXBuildFile; fileRef = FE927DC027857EAB009BF88D /* InsertPost.swift */; };
		FE927DC32785D8DC009BF88D /* UpdatePostViewModel.swift in Sources */ = {isa = PBXBuildFile; fileRef = FE927DC22785D8DC009BF88D /* UpdatePostViewModel.swift */; };
		FE927DC72785F7E1009BF88D /* GetComments.swift in Sources */ = {isa = PBXBuildFile; fileRef = FE927DC62785F7E1009BF88D /* GetComments.swift */; };
		FE927DC92785F871009BF88D /* Update.swift in Sources */ = {isa = PBXBuildFile; fileRef = FE927DC82785F871009BF88D /* Update.swift */; };
		FE927DCB278602DC009BF88D /* insertComment.swift in Sources */ = {isa = PBXBuildFile; fileRef = FE927DCA278602DC009BF88D /* insertComment.swift */; };
		FE927DCF2786AF7C009BF88D /* UpdateCommentViewController.swift in Sources */ = {isa = PBXBuildFile; fileRef = FE927DCE2786AF7C009BF88D /* UpdateCommentViewController.swift */; };
		FE927DD12786AF8D009BF88D /* UpdateCommentView.swift in Sources */ = {isa = PBXBuildFile; fileRef = FE927DD02786AF8D009BF88D /* UpdateCommentView.swift */; };
		FE927DD32786B4A3009BF88D /* UpdateCommentViewModel.swift in Sources */ = {isa = PBXBuildFile; fileRef = FE927DD22786B4A3009BF88D /* UpdateCommentViewModel.swift */; };
		FEBCBDC0277F05E5000B044E /* AppDelegate.swift in Sources */ = {isa = PBXBuildFile; fileRef = FEBCBDBF277F05E5000B044E /* AppDelegate.swift */; };
		FEBCBDC2277F05E5000B044E /* SceneDelegate.swift in Sources */ = {isa = PBXBuildFile; fileRef = FEBCBDC1277F05E5000B044E /* SceneDelegate.swift */; };
		FEBCBDC4277F05E5000B044E /* HomeViewController.swift in Sources */ = {isa = PBXBuildFile; fileRef = FEBCBDC3277F05E5000B044E /* HomeViewController.swift */; };
		FEBCBDC9277F05E6000B044E /* Assets.xcassets in Resources */ = {isa = PBXBuildFile; fileRef = FEBCBDC8277F05E6000B044E /* Assets.xcassets */; };
		FEBCBDCC277F05E6000B044E /* LaunchScreen.storyboard in Resources */ = {isa = PBXBuildFile; fileRef = FEBCBDCA277F05E6000B044E /* LaunchScreen.storyboard */; };
		FEBCBDF12780729E000B044E /* SnapKit in Frameworks */ = {isa = PBXBuildFile; productRef = FEBCBDF02780729E000B044E /* SnapKit */; };
		FEBCBDF827807586000B044E /* HomeView.swift in Sources */ = {isa = PBXBuildFile; fileRef = FEBCBDF727807586000B044E /* HomeView.swift */; };
		FEBCBDFC278083EB000B044E /* SignInViewController.swift in Sources */ = {isa = PBXBuildFile; fileRef = FEBCBDFB278083EB000B044E /* SignInViewController.swift */; };
		FEBCBDFE278083F4000B044E /* SignUpViewController.swift in Sources */ = {isa = PBXBuildFile; fileRef = FEBCBDFD278083F4000B044E /* SignUpViewController.swift */; };
		FEBCBE002780853D000B044E /* SignUpView.swift in Sources */ = {isa = PBXBuildFile; fileRef = FEBCBDFF2780853D000B044E /* SignUpView.swift */; };
		FEBCBE03278088B9000B044E /* SignUpViewModel.swift in Sources */ = {isa = PBXBuildFile; fileRef = FEBCBE02278088B9000B044E /* SignUpViewModel.swift */; };
		FEBCBE05278088E8000B044E /* Observable.swift in Sources */ = {isa = PBXBuildFile; fileRef = FEBCBE04278088E8000B044E /* Observable.swift */; };
		FEBCBE072780990A000B044E /* SignInView.swift in Sources */ = {isa = PBXBuildFile; fileRef = FEBCBE062780990A000B044E /* SignInView.swift */; };
		FEBCBE0927809A88000B044E /* User.swift in Sources */ = {isa = PBXBuildFile; fileRef = FEBCBE0827809A88000B044E /* User.swift */; };
		FEBCBE0B27809EB4000B044E /* AuthManager.swift in Sources */ = {isa = PBXBuildFile; fileRef = FEBCBE0A27809EB4000B044E /* AuthManager.swift */; };
		FEBCBE0D27809F9B000B044E /* EndPoint.swift in Sources */ = {isa = PBXBuildFile; fileRef = FEBCBE0C27809F9B000B044E /* EndPoint.swift */; };
		FEBCBE0F2780BE1E000B044E /* BoardsViewController.swift in Sources */ = {isa = PBXBuildFile; fileRef = FEBCBE0E2780BE1E000B044E /* BoardsViewController.swift */; };
		FEBCBE11278179BE000B044E /* SignInViewModel.swift in Sources */ = {isa = PBXBuildFile; fileRef = FEBCBE10278179BE000B044E /* SignInViewModel.swift */; };
		FEBCBE1627818020000B044E /* BoardsView.swift in Sources */ = {isa = PBXBuildFile; fileRef = FEBCBE1527818020000B044E /* BoardsView.swift */; };
		FEBCBE18278181D7000B044E /* Post.swift in Sources */ = {isa = PBXBuildFile; fileRef = FEBCBE17278181D7000B044E /* Post.swift */; };
		FEBCBE1A2781830F000B044E /* BoardsTableViewCell.swift in Sources */ = {isa = PBXBuildFile; fileRef = FEBCBE192781830F000B044E /* BoardsTableViewCell.swift */; };
		FEBCBE1D2781835F000B044E /* UITableViewCell+Extension.swift in Sources */ = {isa = PBXBuildFile; fileRef = FEBCBE1C2781835F000B044E /* UITableViewCell+Extension.swift */; };
		FEBCBE1F2781D3AE000B044E /* PostManager.swift in Sources */ = {isa = PBXBuildFile; fileRef = FEBCBE1E2781D3AE000B044E /* PostManager.swift */; };
		FEBCBE212781D5E7000B044E /* PostViewModel.swift in Sources */ = {isa = PBXBuildFile; fileRef = FEBCBE202781D5E7000B044E /* PostViewModel.swift */; };
		FEF5D2012782EE2000E29D65 /* ChangePasswordViewController.swift in Sources */ = {isa = PBXBuildFile; fileRef = FEF5D2002782EE2000E29D65 /* ChangePasswordViewController.swift */; };
		FEF5D2032782F1DD00E29D65 /* ChangePasswordView.swift in Sources */ = {isa = PBXBuildFile; fileRef = FEF5D2022782F1DD00E29D65 /* ChangePasswordView.swift */; };
		FEF5D2052782F48F00E29D65 /* ChangePasswordViewModel.swift in Sources */ = {isa = PBXBuildFile; fileRef = FEF5D2042782F48F00E29D65 /* ChangePasswordViewModel.swift */; };
		FEF5D207278317A700E29D65 /* Authentication.swift in Sources */ = {isa = PBXBuildFile; fileRef = FEF5D206278317A700E29D65 /* Authentication.swift */; };
/* End PBXBuildFile section */

/* Begin PBXFileReference section */
		FE927D9827831E36009BF88D /* AlertController+Extension.swift */ = {isa = PBXFileReference; lastKnownFileType = sourcecode.swift; path = "AlertController+Extension.swift"; sourceTree = "<group>"; };
		FE927D9D27833515009BF88D /* BoardViewController.swift */ = {isa = PBXFileReference; lastKnownFileType = sourcecode.swift; path = BoardViewController.swift; sourceTree = "<group>"; };
		FE927D9F2783356B009BF88D /* BoardView.swift */ = {isa = PBXFileReference; lastKnownFileType = sourcecode.swift; path = BoardView.swift; sourceTree = "<group>"; };
		FE927DA127833583009BF88D /* BoardTableViewCell.swift */ = {isa = PBXFileReference; lastKnownFileType = sourcecode.swift; path = BoardTableViewCell.swift; sourceTree = "<group>"; };
		FE927DA3278335AC009BF88D /* GetCommentsViewModel.swift */ = {isa = PBXFileReference; lastKnownFileType = sourcecode.swift; path = GetCommentsViewModel.swift; sourceTree = "<group>"; };
		FE927DAE278448B8009BF88D /* BoardHeaderTableViewCell.swift */ = {isa = PBXFileReference; lastKnownFileType = sourcecode.swift; path = BoardHeaderTableViewCell.swift; sourceTree = "<group>"; };
		FE927DB027846077009BF88D /* CommentManager.swift */ = {isa = PBXFileReference; lastKnownFileType = sourcecode.swift; path = CommentManager.swift; sourceTree = "<group>"; };
		FE927DB2278461D2009BF88D /* Comment.swift */ = {isa = PBXFileReference; lastKnownFileType = sourcecode.swift; path = Comment.swift; sourceTree = "<group>"; };
		FE927DB42784638F009BF88D /* InsertCommentViewModel.swift */ = {isa = PBXFileReference; lastKnownFileType = sourcecode.swift; path = InsertCommentViewModel.swift; sourceTree = "<group>"; };
		FE927DBA2785677E009BF88D /* InsertBoardViewController.swift */ = {isa = PBXFileReference; lastKnownFileType = sourcecode.swift; path = InsertBoardViewController.swift; sourceTree = "<group>"; };
		FE927DBC278569E8009BF88D /* InsertBoardView.swift */ = {isa = PBXFileReference; lastKnownFileType = sourcecode.swift; path = InsertBoardView.swift; sourceTree = "<group>"; };
		FE927DBE27856C7F009BF88D /* InsertPostViewModel.swift */ = {isa = PBXFileReference; lastKnownFileType = sourcecode.swift; path = InsertPostViewModel.swift; sourceTree = "<group>"; };
		FE927DC027857EAB009BF88D /* InsertPost.swift */ = {isa = PBXFileReference; lastKnownFileType = sourcecode.swift; path = InsertPost.swift; sourceTree = "<group>"; };
		FE927DC22785D8DC009BF88D /* UpdatePostViewModel.swift */ = {isa = PBXFileReference; lastKnownFileType = sourcecode.swift; path = UpdatePostViewModel.swift; sourceTree = "<group>"; };
		FE927DC62785F7E1009BF88D /* GetComments.swift */ = {isa = PBXFileReference; lastKnownFileType = sourcecode.swift; path = GetComments.swift; sourceTree = "<group>"; };
		FE927DC82785F871009BF88D /* Update.swift */ = {isa = PBXFileReference; lastKnownFileType = sourcecode.swift; path = Update.swift; sourceTree = "<group>"; };
		FE927DCA278602DC009BF88D /* insertComment.swift */ = {isa = PBXFileReference; lastKnownFileType = sourcecode.swift; path = insertComment.swift; sourceTree = "<group>"; };
		FE927DCE2786AF7C009BF88D /* UpdateCommentViewController.swift */ = {isa = PBXFileReference; lastKnownFileType = sourcecode.swift; path = UpdateCommentViewController.swift; sourceTree = "<group>"; };
		FE927DD02786AF8D009BF88D /* UpdateCommentView.swift */ = {isa = PBXFileReference; lastKnownFileType = sourcecode.swift; path = UpdateCommentView.swift; sourceTree = "<group>"; };
		FE927DD22786B4A3009BF88D /* UpdateCommentViewModel.swift */ = {isa = PBXFileReference; lastKnownFileType = sourcecode.swift; path = UpdateCommentViewModel.swift; sourceTree = "<group>"; };
		FEBCBDBC277F05E5000B044E /* SeSAC_Community.app */ = {isa = PBXFileReference; explicitFileType = wrapper.application; includeInIndex = 0; path = SeSAC_Community.app; sourceTree = BUILT_PRODUCTS_DIR; };
		FEBCBDBF277F05E5000B044E /* AppDelegate.swift */ = {isa = PBXFileReference; lastKnownFileType = sourcecode.swift; path = AppDelegate.swift; sourceTree = "<group>"; };
		FEBCBDC1277F05E5000B044E /* SceneDelegate.swift */ = {isa = PBXFileReference; lastKnownFileType = sourcecode.swift; path = SceneDelegate.swift; sourceTree = "<group>"; };
		FEBCBDC3277F05E5000B044E /* HomeViewController.swift */ = {isa = PBXFileReference; lastKnownFileType = sourcecode.swift; path = HomeViewController.swift; sourceTree = "<group>"; };
		FEBCBDC8277F05E6000B044E /* Assets.xcassets */ = {isa = PBXFileReference; lastKnownFileType = folder.assetcatalog; path = Assets.xcassets; sourceTree = "<group>"; };
		FEBCBDCB277F05E6000B044E /* Base */ = {isa = PBXFileReference; lastKnownFileType = file.storyboard; name = Base; path = Base.lproj/LaunchScreen.storyboard; sourceTree = "<group>"; };
		FEBCBDCD277F05E6000B044E /* Info.plist */ = {isa = PBXFileReference; lastKnownFileType = text.plist.xml; path = Info.plist; sourceTree = "<group>"; };
		FEBCBDF727807586000B044E /* HomeView.swift */ = {isa = PBXFileReference; lastKnownFileType = sourcecode.swift; path = HomeView.swift; sourceTree = "<group>"; };
		FEBCBDFB278083EB000B044E /* SignInViewController.swift */ = {isa = PBXFileReference; lastKnownFileType = sourcecode.swift; path = SignInViewController.swift; sourceTree = "<group>"; };
		FEBCBDFD278083F4000B044E /* SignUpViewController.swift */ = {isa = PBXFileReference; lastKnownFileType = sourcecode.swift; path = SignUpViewController.swift; sourceTree = "<group>"; };
		FEBCBDFF2780853D000B044E /* SignUpView.swift */ = {isa = PBXFileReference; lastKnownFileType = sourcecode.swift; path = SignUpView.swift; sourceTree = "<group>"; };
		FEBCBE02278088B9000B044E /* SignUpViewModel.swift */ = {isa = PBXFileReference; lastKnownFileType = sourcecode.swift; path = SignUpViewModel.swift; sourceTree = "<group>"; };
		FEBCBE04278088E8000B044E /* Observable.swift */ = {isa = PBXFileReference; lastKnownFileType = sourcecode.swift; path = Observable.swift; sourceTree = "<group>"; };
		FEBCBE062780990A000B044E /* SignInView.swift */ = {isa = PBXFileReference; lastKnownFileType = sourcecode.swift; path = SignInView.swift; sourceTree = "<group>"; };
		FEBCBE0827809A88000B044E /* User.swift */ = {isa = PBXFileReference; lastKnownFileType = sourcecode.swift; path = User.swift; sourceTree = "<group>"; };
		FEBCBE0A27809EB4000B044E /* AuthManager.swift */ = {isa = PBXFileReference; lastKnownFileType = sourcecode.swift; path = AuthManager.swift; sourceTree = "<group>"; };
		FEBCBE0C27809F9B000B044E /* EndPoint.swift */ = {isa = PBXFileReference; lastKnownFileType = sourcecode.swift; path = EndPoint.swift; sourceTree = "<group>"; };
		FEBCBE0E2780BE1E000B044E /* BoardsViewController.swift */ = {isa = PBXFileReference; lastKnownFileType = sourcecode.swift; path = BoardsViewController.swift; sourceTree = "<group>"; };
		FEBCBE10278179BE000B044E /* SignInViewModel.swift */ = {isa = PBXFileReference; lastKnownFileType = sourcecode.swift; path = SignInViewModel.swift; sourceTree = "<group>"; };
		FEBCBE1527818020000B044E /* BoardsView.swift */ = {isa = PBXFileReference; lastKnownFileType = sourcecode.swift; path = BoardsView.swift; sourceTree = "<group>"; };
		FEBCBE17278181D7000B044E /* Post.swift */ = {isa = PBXFileReference; lastKnownFileType = sourcecode.swift; path = Post.swift; sourceTree = "<group>"; };
		FEBCBE192781830F000B044E /* BoardsTableViewCell.swift */ = {isa = PBXFileReference; lastKnownFileType = sourcecode.swift; path = BoardsTableViewCell.swift; sourceTree = "<group>"; };
		FEBCBE1C2781835F000B044E /* UITableViewCell+Extension.swift */ = {isa = PBXFileReference; lastKnownFileType = sourcecode.swift; path = "UITableViewCell+Extension.swift"; sourceTree = "<group>"; };
		FEBCBE1E2781D3AE000B044E /* PostManager.swift */ = {isa = PBXFileReference; lastKnownFileType = sourcecode.swift; path = PostManager.swift; sourceTree = "<group>"; };
		FEBCBE202781D5E7000B044E /* PostViewModel.swift */ = {isa = PBXFileReference; lastKnownFileType = sourcecode.swift; path = PostViewModel.swift; sourceTree = "<group>"; };
		FEF5D2002782EE2000E29D65 /* ChangePasswordViewController.swift */ = {isa = PBXFileReference; lastKnownFileType = sourcecode.swift; path = ChangePasswordViewController.swift; sourceTree = "<group>"; };
		FEF5D2022782F1DD00E29D65 /* ChangePasswordView.swift */ = {isa = PBXFileReference; lastKnownFileType = sourcecode.swift; path = ChangePasswordView.swift; sourceTree = "<group>"; };
		FEF5D2042782F48F00E29D65 /* ChangePasswordViewModel.swift */ = {isa = PBXFileReference; lastKnownFileType = sourcecode.swift; path = ChangePasswordViewModel.swift; sourceTree = "<group>"; };
		FEF5D206278317A700E29D65 /* Authentication.swift */ = {isa = PBXFileReference; lastKnownFileType = sourcecode.swift; path = Authentication.swift; sourceTree = "<group>"; };
/* End PBXFileReference section */

/* Begin PBXFrameworksBuildPhase section */
		FEBCBDB9277F05E5000B044E /* Frameworks */ = {
			isa = PBXFrameworksBuildPhase;
			buildActionMask = 2147483647;
			files = (
				FE927D9C27831F17009BF88D /* Toast in Frameworks */,
				FEBCBDF12780729E000B044E /* SnapKit in Frameworks */,
			);
			runOnlyForDeploymentPostprocessing = 0;
		};
/* End PBXFrameworksBuildPhase section */

/* Begin PBXGroup section */
		FEBCBDB3277F05E5000B044E = {
			isa = PBXGroup;
			children = (
				FEBCBDBE277F05E5000B044E /* SeSAC_Community */,
				FEBCBDBD277F05E5000B044E /* Products */,
			);
			sourceTree = "<group>";
		};
		FEBCBDBD277F05E5000B044E /* Products */ = {
			isa = PBXGroup;
			children = (
				FEBCBDBC277F05E5000B044E /* SeSAC_Community.app */,
			);
			name = Products;
			sourceTree = "<group>";
		};
		FEBCBDBE277F05E5000B044E /* SeSAC_Community */ = {
			isa = PBXGroup;
			children = (
				FEBCBE1B27818338000B044E /* Extensions */,
				FEBCBDF327807311000B044E /* Models */,
				FEBCBDF52780732F000B044E /* Views */,
				FEBCBE012780887B000B044E /* ViewModels */,
				FEBCBDF62780733E000B044E /* Other */,
				FEBCBDF427807328000B044E /* Controllers */,
				FEBCBDF2278072F5000B044E /* Managers */,
				FEBCBDBF277F05E5000B044E /* AppDelegate.swift */,
				FEBCBDC1277F05E5000B044E /* SceneDelegate.swift */,
				FEBCBDC8277F05E6000B044E /* Assets.xcassets */,
				FEBCBDCA277F05E6000B044E /* LaunchScreen.storyboard */,
				FEBCBDCD277F05E6000B044E /* Info.plist */,
			);
			path = SeSAC_Community;
			sourceTree = "<group>";
		};
		FEBCBDF2278072F5000B044E /* Managers */ = {
			isa = PBXGroup;
			children = (
				FEBCBE0A27809EB4000B044E /* AuthManager.swift */,
				FEBCBE1E2781D3AE000B044E /* PostManager.swift */,
				FE927DB027846077009BF88D /* CommentManager.swift */,
			);
			path = Managers;
			sourceTree = "<group>";
		};
		FEBCBDF327807311000B044E /* Models */ = {
			isa = PBXGroup;
			children = (
				FEBCBE0827809A88000B044E /* User.swift */,
				FEBCBE17278181D7000B044E /* Post.swift */,
				FE927DC027857EAB009BF88D /* InsertPost.swift */,
				FEF5D206278317A700E29D65 /* Authentication.swift */,
				FE927DB2278461D2009BF88D /* Comment.swift */,
				FE927DC62785F7E1009BF88D /* GetComments.swift */,
				FE927DC82785F871009BF88D /* Update.swift */,
				FE927DCA278602DC009BF88D /* insertComment.swift */,
			);
			path = Models;
			sourceTree = "<group>";
		};
		FEBCBDF427807328000B044E /* Controllers */ = {
			isa = PBXGroup;
			children = (
				FEBCBDC3277F05E5000B044E /* HomeViewController.swift */,
				FEBCBDFB278083EB000B044E /* SignInViewController.swift */,
				FEBCBDFD278083F4000B044E /* SignUpViewController.swift */,
				FEF5D2002782EE2000E29D65 /* ChangePasswordViewController.swift */,
				FEBCBE0E2780BE1E000B044E /* BoardsViewController.swift */,
				FE927D9D27833515009BF88D /* BoardViewController.swift */,
				FE927DBA2785677E009BF88D /* InsertBoardViewController.swift */,
				FE927DCE2786AF7C009BF88D /* UpdateCommentViewController.swift */,
			);
			path = Controllers;
			sourceTree = "<group>";
		};
		FEBCBDF52780732F000B044E /* Views */ = {
			isa = PBXGroup;
			children = (
				FEBCBE1427817F36000B044E /* cells */,
				FEBCBDFF2780853D000B044E /* SignUpView.swift */,
				FEBCBE062780990A000B044E /* SignInView.swift */,
				FEBCBE1527818020000B044E /* BoardsView.swift */,
				FEBCBDF727807586000B044E /* HomeView.swift */,
				FEF5D2022782F1DD00E29D65 /* ChangePasswordView.swift */,
				FE927D9F2783356B009BF88D /* BoardView.swift */,
				FE927DBC278569E8009BF88D /* InsertBoardView.swift */,
				FE927DD02786AF8D009BF88D /* UpdateCommentView.swift */,
			);
			path = Views;
			sourceTree = "<group>";
		};
		FEBCBDF62780733E000B044E /* Other */ = {
			isa = PBXGroup;
			children = (
				FEBCBE04278088E8000B044E /* Observable.swift */,
				FEBCBE0C27809F9B000B044E /* EndPoint.swift */,
			);
			path = Other;
			sourceTree = "<group>";
		};
		FEBCBE012780887B000B044E /* ViewModels */ = {
			isa = PBXGroup;
			children = (
				FEBCBE02278088B9000B044E /* SignUpViewModel.swift */,
				FEBCBE10278179BE000B044E /* SignInViewModel.swift */,
				FEBCBE202781D5E7000B044E /* PostViewModel.swift */,
				FE927DA3278335AC009BF88D /* GetCommentsViewModel.swift */,
				FEF5D2042782F48F00E29D65 /* ChangePasswordViewModel.swift */,
				FE927DB42784638F009BF88D /* InsertCommentViewModel.swift */,
				FE927DBE27856C7F009BF88D /* InsertPostViewModel.swift */,
				FE927DC22785D8DC009BF88D /* UpdatePostViewModel.swift */,
				FE927DD22786B4A3009BF88D /* UpdateCommentViewModel.swift */,
			);
			path = ViewModels;
			sourceTree = "<group>";
		};
		FEBCBE1427817F36000B044E /* cells */ = {
			isa = PBXGroup;
			children = (
				FEBCBE192781830F000B044E /* BoardsTableViewCell.swift */,
				FE927DA127833583009BF88D /* BoardTableViewCell.swift */,
				FE927DAE278448B8009BF88D /* BoardHeaderTableViewCell.swift */,
			);
			path = cells;
			sourceTree = "<group>";
		};
		FEBCBE1B27818338000B044E /* Extensions */ = {
			isa = PBXGroup;
			children = (
				FEBCBE1C2781835F000B044E /* UITableViewCell+Extension.swift */,
				FE927D9827831E36009BF88D /* AlertController+Extension.swift */,
			);
			path = Extensions;
			sourceTree = "<group>";
		};
/* End PBXGroup section */

/* Begin PBXNativeTarget section */
		FEBCBDBB277F05E5000B044E /* SeSAC_Community */ = {
			isa = PBXNativeTarget;
			buildConfigurationList = FEBCBDD0277F05E6000B044E /* Build configuration list for PBXNativeTarget "SeSAC_Community" */;
			buildPhases = (
				FEBCBDB8277F05E5000B044E /* Sources */,
				FEBCBDB9277F05E5000B044E /* Frameworks */,
				FEBCBDBA277F05E5000B044E /* Resources */,
			);
			buildRules = (
			);
			dependencies = (
			);
			name = SeSAC_Community;
			packageProductDependencies = (
				FEBCBDF02780729E000B044E /* SnapKit */,
				FE927D9B27831F17009BF88D /* Toast */,
			);
			productName = SeSAC_Community;
			productReference = FEBCBDBC277F05E5000B044E /* SeSAC_Community.app */;
			productType = "com.apple.product-type.application";
		};
/* End PBXNativeTarget section */

/* Begin PBXProject section */
		FEBCBDB4277F05E5000B044E /* Project object */ = {
			isa = PBXProject;
			attributes = {
				BuildIndependentTargetsInParallel = 1;
				LastSwiftUpdateCheck = 1300;
				LastUpgradeCheck = 1300;
				TargetAttributes = {
					FEBCBDBB277F05E5000B044E = {
						CreatedOnToolsVersion = 13.0;
					};
				};
			};
			buildConfigurationList = FEBCBDB7277F05E5000B044E /* Build configuration list for PBXProject "SeSAC_Community" */;
			compatibilityVersion = "Xcode 13.0";
			developmentRegion = en;
			hasScannedForEncodings = 0;
			knownRegions = (
				en,
				Base,
			);
			mainGroup = FEBCBDB3277F05E5000B044E;
			packageReferences = (
				FEBCBDEF2780729E000B044E /* XCRemoteSwiftPackageReference "SnapKit" */,
				FE927D9A27831F17009BF88D /* XCRemoteSwiftPackageReference "Toast-Swift" */,
			);
			productRefGroup = FEBCBDBD277F05E5000B044E /* Products */;
			projectDirPath = "";
			projectRoot = "";
			targets = (
				FEBCBDBB277F05E5000B044E /* SeSAC_Community */,
			);
		};
/* End PBXProject section */

/* Begin PBXResourcesBuildPhase section */
		FEBCBDBA277F05E5000B044E /* Resources */ = {
			isa = PBXResourcesBuildPhase;
			buildActionMask = 2147483647;
			files = (
				FEBCBDCC277F05E6000B044E /* LaunchScreen.storyboard in Resources */,
				FEBCBDC9277F05E6000B044E /* Assets.xcassets in Resources */,
			);
			runOnlyForDeploymentPostprocessing = 0;
		};
/* End PBXResourcesBuildPhase section */

/* Begin PBXSourcesBuildPhase section */
		FEBCBDB8277F05E5000B044E /* Sources */ = {
			isa = PBXSourcesBuildPhase;
			buildActionMask = 2147483647;
			files = (
				FE927DA227833583009BF88D /* BoardTableViewCell.swift in Sources */,
				FEBCBE0D27809F9B000B044E /* EndPoint.swift in Sources */,
				FEBCBE1627818020000B044E /* BoardsView.swift in Sources */,
				FEBCBE0F2780BE1E000B044E /* BoardsViewController.swift in Sources */,
				FE927DC127857EAB009BF88D /* InsertPost.swift in Sources */,
				FEBCBDFE278083F4000B044E /* SignUpViewController.swift in Sources */,
				FE927DB3278461D2009BF88D /* Comment.swift in Sources */,
				FEBCBE18278181D7000B044E /* Post.swift in Sources */,
				FE927DC32785D8DC009BF88D /* UpdatePostViewModel.swift in Sources */,
				FEBCBE0B27809EB4000B044E /* AuthManager.swift in Sources */,
				FEBCBDC4277F05E5000B044E /* HomeViewController.swift in Sources */,
				FE927DB52784638F009BF88D /* InsertCommentViewModel.swift in Sources */,
				FEBCBE1D2781835F000B044E /* UITableViewCell+Extension.swift in Sources */,
				FEBCBE05278088E8000B044E /* Observable.swift in Sources */,
				FE927DD32786B4A3009BF88D /* UpdateCommentViewModel.swift in Sources */,
				FEBCBE03278088B9000B044E /* SignUpViewModel.swift in Sources */,
				FE927DB127846077009BF88D /* CommentManager.swift in Sources */,
				FE927DC92785F871009BF88D /* Update.swift in Sources */,
				FEBCBE072780990A000B044E /* SignInView.swift in Sources */,
				FE927DAF278448B8009BF88D /* BoardHeaderTableViewCell.swift in Sources */,
				FE927DBD278569E8009BF88D /* InsertBoardView.swift in Sources */,
				FEF5D2012782EE2000E29D65 /* ChangePasswordViewController.swift in Sources */,
				FEBCBDF827807586000B044E /* HomeView.swift in Sources */,
				FEF5D207278317A700E29D65 /* Authentication.swift in Sources */,
				FE927DD12786AF8D009BF88D /* UpdateCommentView.swift in Sources */,
				FE927DCF2786AF7C009BF88D /* UpdateCommentViewController.swift in Sources */,
				FEF5D2052782F48F00E29D65 /* ChangePasswordViewModel.swift in Sources */,
				FEBCBE002780853D000B044E /* SignUpView.swift in Sources */,
				FEBCBE1A2781830F000B044E /* BoardsTableViewCell.swift in Sources */,
				FE927D9E27833515009BF88D /* BoardViewController.swift in Sources */,
				FE927DC72785F7E1009BF88D /* GetComments.swift in Sources */,
				FE927DA4278335AC009BF88D /* GetCommentsViewModel.swift in Sources */,
				FEBCBDC0277F05E5000B044E /* AppDelegate.swift in Sources */,
				FEBCBE212781D5E7000B044E /* PostViewModel.swift in Sources */,
				FEBCBDFC278083EB000B044E /* SignInViewController.swift in Sources */,
				FE927DCB278602DC009BF88D /* insertComment.swift in Sources */,
				FE927DA02783356B009BF88D /* BoardView.swift in Sources */,
				FEBCBDC2277F05E5000B044E /* SceneDelegate.swift in Sources */,
				FEF5D2032782F1DD00E29D65 /* ChangePasswordView.swift in Sources */,
				FEBCBE1F2781D3AE000B044E /* PostManager.swift in Sources */,
				FE927DBF27856C7F009BF88D /* InsertPostViewModel.swift in Sources */,
				FEBCBE0927809A88000B044E /* User.swift in Sources */,
				FE927DBB2785677E009BF88D /* InsertBoardViewController.swift in Sources */,
				FE927D9927831E36009BF88D /* AlertController+Extension.swift in Sources */,
				FEBCBE11278179BE000B044E /* SignInViewModel.swift in Sources */,
			);
			runOnlyForDeploymentPostprocessing = 0;
		};
/* End PBXSourcesBuildPhase section */

/* Begin PBXVariantGroup section */
		FEBCBDCA277F05E6000B044E /* LaunchScreen.storyboard */ = {
			isa = PBXVariantGroup;
			children = (
				FEBCBDCB277F05E6000B044E /* Base */,
			);
			name = LaunchScreen.storyboard;
			sourceTree = "<group>";
		};
/* End PBXVariantGroup section */

/* Begin XCBuildConfiguration section */
		FEBCBDCE277F05E6000B044E /* Debug */ = {
			isa = XCBuildConfiguration;
			buildSettings = {
				ALWAYS_SEARCH_USER_PATHS = NO;
				CLANG_ANALYZER_NONNULL = YES;
				CLANG_ANALYZER_NUMBER_OBJECT_CONVERSION = YES_AGGRESSIVE;
				CLANG_CXX_LANGUAGE_STANDARD = "gnu++17";
				CLANG_CXX_LIBRARY = "libc++";
				CLANG_ENABLE_MODULES = YES;
				CLANG_ENABLE_OBJC_ARC = YES;
				CLANG_ENABLE_OBJC_WEAK = YES;
				CLANG_WARN_BLOCK_CAPTURE_AUTORELEASING = YES;
				CLANG_WARN_BOOL_CONVERSION = YES;
				CLANG_WARN_COMMA = YES;
				CLANG_WARN_CONSTANT_CONVERSION = YES;
				CLANG_WARN_DEPRECATED_OBJC_IMPLEMENTATIONS = YES;
				CLANG_WARN_DIRECT_OBJC_ISA_USAGE = YES_ERROR;
				CLANG_WARN_DOCUMENTATION_COMMENTS = YES;
				CLANG_WARN_EMPTY_BODY = YES;
				CLANG_WARN_ENUM_CONVERSION = YES;
				CLANG_WARN_INFINITE_RECURSION = YES;
				CLANG_WARN_INT_CONVERSION = YES;
				CLANG_WARN_NON_LITERAL_NULL_CONVERSION = YES;
				CLANG_WARN_OBJC_IMPLICIT_RETAIN_SELF = YES;
				CLANG_WARN_OBJC_LITERAL_CONVERSION = YES;
				CLANG_WARN_OBJC_ROOT_CLASS = YES_ERROR;
				CLANG_WARN_QUOTED_INCLUDE_IN_FRAMEWORK_HEADER = YES;
				CLANG_WARN_RANGE_LOOP_ANALYSIS = YES;
				CLANG_WARN_STRICT_PROTOTYPES = YES;
				CLANG_WARN_SUSPICIOUS_MOVE = YES;
				CLANG_WARN_UNGUARDED_AVAILABILITY = YES_AGGRESSIVE;
				CLANG_WARN_UNREACHABLE_CODE = YES;
				CLANG_WARN__DUPLICATE_METHOD_MATCH = YES;
				COPY_PHASE_STRIP = NO;
				DEBUG_INFORMATION_FORMAT = dwarf;
				ENABLE_STRICT_OBJC_MSGSEND = YES;
				ENABLE_TESTABILITY = YES;
				GCC_C_LANGUAGE_STANDARD = gnu11;
				GCC_DYNAMIC_NO_PIC = NO;
				GCC_NO_COMMON_BLOCKS = YES;
				GCC_OPTIMIZATION_LEVEL = 0;
				GCC_PREPROCESSOR_DEFINITIONS = (
					"DEBUG=1",
					"$(inherited)",
				);
				GCC_WARN_64_TO_32_BIT_CONVERSION = YES;
				GCC_WARN_ABOUT_RETURN_TYPE = YES_ERROR;
				GCC_WARN_UNDECLARED_SELECTOR = YES;
				GCC_WARN_UNINITIALIZED_AUTOS = YES_AGGRESSIVE;
				GCC_WARN_UNUSED_FUNCTION = YES;
				GCC_WARN_UNUSED_VARIABLE = YES;
				IPHONEOS_DEPLOYMENT_TARGET = 15.0;
				MTL_ENABLE_DEBUG_INFO = INCLUDE_SOURCE;
				MTL_FAST_MATH = YES;
				ONLY_ACTIVE_ARCH = YES;
				SDKROOT = iphoneos;
				SWIFT_ACTIVE_COMPILATION_CONDITIONS = DEBUG;
				SWIFT_OPTIMIZATION_LEVEL = "-Onone";
			};
			name = Debug;
		};
		FEBCBDCF277F05E6000B044E /* Release */ = {
			isa = XCBuildConfiguration;
			buildSettings = {
				ALWAYS_SEARCH_USER_PATHS = NO;
				CLANG_ANALYZER_NONNULL = YES;
				CLANG_ANALYZER_NUMBER_OBJECT_CONVERSION = YES_AGGRESSIVE;
				CLANG_CXX_LANGUAGE_STANDARD = "gnu++17";
				CLANG_CXX_LIBRARY = "libc++";
				CLANG_ENABLE_MODULES = YES;
				CLANG_ENABLE_OBJC_ARC = YES;
				CLANG_ENABLE_OBJC_WEAK = YES;
				CLANG_WARN_BLOCK_CAPTURE_AUTORELEASING = YES;
				CLANG_WARN_BOOL_CONVERSION = YES;
				CLANG_WARN_COMMA = YES;
				CLANG_WARN_CONSTANT_CONVERSION = YES;
				CLANG_WARN_DEPRECATED_OBJC_IMPLEMENTATIONS = YES;
				CLANG_WARN_DIRECT_OBJC_ISA_USAGE = YES_ERROR;
				CLANG_WARN_DOCUMENTATION_COMMENTS = YES;
				CLANG_WARN_EMPTY_BODY = YES;
				CLANG_WARN_ENUM_CONVERSION = YES;
				CLANG_WARN_INFINITE_RECURSION = YES;
				CLANG_WARN_INT_CONVERSION = YES;
				CLANG_WARN_NON_LITERAL_NULL_CONVERSION = YES;
				CLANG_WARN_OBJC_IMPLICIT_RETAIN_SELF = YES;
				CLANG_WARN_OBJC_LITERAL_CONVERSION = YES;
				CLANG_WARN_OBJC_ROOT_CLASS = YES_ERROR;
				CLANG_WARN_QUOTED_INCLUDE_IN_FRAMEWORK_HEADER = YES;
				CLANG_WARN_RANGE_LOOP_ANALYSIS = YES;
				CLANG_WARN_STRICT_PROTOTYPES = YES;
				CLANG_WARN_SUSPICIOUS_MOVE = YES;
				CLANG_WARN_UNGUARDED_AVAILABILITY = YES_AGGRESSIVE;
				CLANG_WARN_UNREACHABLE_CODE = YES;
				CLANG_WARN__DUPLICATE_METHOD_MATCH = YES;
				COPY_PHASE_STRIP = NO;
				DEBUG_INFORMATION_FORMAT = "dwarf-with-dsym";
				ENABLE_NS_ASSERTIONS = NO;
				ENABLE_STRICT_OBJC_MSGSEND = YES;
				GCC_C_LANGUAGE_STANDARD = gnu11;
				GCC_NO_COMMON_BLOCKS = YES;
				GCC_WARN_64_TO_32_BIT_CONVERSION = YES;
				GCC_WARN_ABOUT_RETURN_TYPE = YES_ERROR;
				GCC_WARN_UNDECLARED_SELECTOR = YES;
				GCC_WARN_UNINITIALIZED_AUTOS = YES_AGGRESSIVE;
				GCC_WARN_UNUSED_FUNCTION = YES;
				GCC_WARN_UNUSED_VARIABLE = YES;
				IPHONEOS_DEPLOYMENT_TARGET = 15.0;
				MTL_ENABLE_DEBUG_INFO = NO;
				MTL_FAST_MATH = YES;
				SDKROOT = iphoneos;
				SWIFT_COMPILATION_MODE = wholemodule;
				SWIFT_OPTIMIZATION_LEVEL = "-O";
				VALIDATE_PRODUCT = YES;
			};
			name = Release;
		};
		FEBCBDD1277F05E6000B044E /* Debug */ = {
			isa = XCBuildConfiguration;
			buildSettings = {
				ASSETCATALOG_COMPILER_APPICON_NAME = AppIcon;
				ASSETCATALOG_COMPILER_GLOBAL_ACCENT_COLOR_NAME = AccentColor;
				CODE_SIGN_STYLE = Automatic;
				CURRENT_PROJECT_VERSION = 1;
				DEVELOPMENT_TEAM = YWSA3TX7T7;
				GENERATE_INFOPLIST_FILE = YES;
				INFOPLIST_FILE = SeSAC_Community/Info.plist;
				INFOPLIST_KEY_UIApplicationSupportsIndirectInputEvents = YES;
				INFOPLIST_KEY_UILaunchStoryboardName = LaunchScreen;
				INFOPLIST_KEY_UISupportedInterfaceOrientations_iPad = "UIInterfaceOrientationPortrait UIInterfaceOrientationPortraitUpsideDown UIInterfaceOrientationLandscapeLeft UIInterfaceOrientationLandscapeRight";
				INFOPLIST_KEY_UISupportedInterfaceOrientations_iPhone = "UIInterfaceOrientationPortrait UIInterfaceOrientationLandscapeLeft UIInterfaceOrientationLandscapeRight";
				LD_RUNPATH_SEARCH_PATHS = (
					"$(inherited)",
					"@executable_path/Frameworks",
				);
				MARKETING_VERSION = 1.0;
				PRODUCT_BUNDLE_IDENTIFIER = "com.kobong.SeSAC-Community";
				PRODUCT_NAME = "$(TARGET_NAME)";
				SWIFT_EMIT_LOC_STRINGS = YES;
				SWIFT_VERSION = 5.0;
				TARGETED_DEVICE_FAMILY = 1;
			};
			name = Debug;
		};
		FEBCBDD2277F05E6000B044E /* Release */ = {
			isa = XCBuildConfiguration;
			buildSettings = {
				ASSETCATALOG_COMPILER_APPICON_NAME = AppIcon;
				ASSETCATALOG_COMPILER_GLOBAL_ACCENT_COLOR_NAME = AccentColor;
				CODE_SIGN_STYLE = Automatic;
				CURRENT_PROJECT_VERSION = 1;
				DEVELOPMENT_TEAM = YWSA3TX7T7;
				GENERATE_INFOPLIST_FILE = YES;
				INFOPLIST_FILE = SeSAC_Community/Info.plist;
				INFOPLIST_KEY_UIApplicationSupportsIndirectInputEvents = YES;
				INFOPLIST_KEY_UILaunchStoryboardName = LaunchScreen;
				INFOPLIST_KEY_UISupportedInterfaceOrientations_iPad = "UIInterfaceOrientationPortrait UIInterfaceOrientationPortraitUpsideDown UIInterfaceOrientationLandscapeLeft UIInterfaceOrientationLandscapeRight";
				INFOPLIST_KEY_UISupportedInterfaceOrientations_iPhone = "UIInterfaceOrientationPortrait UIInterfaceOrientationLandscapeLeft UIInterfaceOrientationLandscapeRight";
				LD_RUNPATH_SEARCH_PATHS = (
					"$(inherited)",
					"@executable_path/Frameworks",
				);
				MARKETING_VERSION = 1.0;
				PRODUCT_BUNDLE_IDENTIFIER = "com.kobong.SeSAC-Community";
				PRODUCT_NAME = "$(TARGET_NAME)";
				SWIFT_EMIT_LOC_STRINGS = YES;
				SWIFT_VERSION = 5.0;
				TARGETED_DEVICE_FAMILY = 1;
			};
			name = Release;
		};
/* End XCBuildConfiguration section */

/* Begin XCConfigurationList section */
		FEBCBDB7277F05E5000B044E /* Build configuration list for PBXProject "SeSAC_Community" */ = {
			isa = XCConfigurationList;
			buildConfigurations = (
				FEBCBDCE277F05E6000B044E /* Debug */,
				FEBCBDCF277F05E6000B044E /* Release */,
			);
			defaultConfigurationIsVisible = 0;
			defaultConfigurationName = Release;
		};
		FEBCBDD0277F05E6000B044E /* Build configuration list for PBXNativeTarget "SeSAC_Community" */ = {
			isa = XCConfigurationList;
			buildConfigurations = (
				FEBCBDD1277F05E6000B044E /* Debug */,
				FEBCBDD2277F05E6000B044E /* Release */,
			);
			defaultConfigurationIsVisible = 0;
			defaultConfigurationName = Release;
		};
/* End XCConfigurationList section */

/* Begin XCRemoteSwiftPackageReference section */
		FE927D9A27831F17009BF88D /* XCRemoteSwiftPackageReference "Toast-Swift" */ = {
			isa = XCRemoteSwiftPackageReference;
			repositoryURL = "https://github.com/scalessec/Toast-Swift";
			requirement = {
				kind = upToNextMajorVersion;
				minimumVersion = 5.0.0;
			};
		};
		FEBCBDEF2780729E000B044E /* XCRemoteSwiftPackageReference "SnapKit" */ = {
			isa = XCRemoteSwiftPackageReference;
			repositoryURL = "https://github.com/SnapKit/SnapKit.git";
			requirement = {
				kind = upToNextMajorVersion;
				minimumVersion = 5.0.0;
			};
		};
/* End XCRemoteSwiftPackageReference section */

/* Begin XCSwiftPackageProductDependency section */
		FE927D9B27831F17009BF88D /* Toast */ = {
			isa = XCSwiftPackageProductDependency;
			package = FE927D9A27831F17009BF88D /* XCRemoteSwiftPackageReference "Toast-Swift" */;
			productName = Toast;
		};
		FEBCBDF02780729E000B044E /* SnapKit */ = {
			isa = XCSwiftPackageProductDependency;
			package = FEBCBDEF2780729E000B044E /* XCRemoteSwiftPackageReference "SnapKit" */;
			productName = SnapKit;
		};
/* End XCSwiftPackageProductDependency section */
	};
	rootObject = FEBCBDB4277F05E5000B044E /* Project object */;
}
