// !$*UTF8*$!
{
	archiveVersion = 1;
	classes = {
	};
	objectVersion = 55;
	objects = {

/* Begin PBXBuildFile section */
		FEC3FC57271944EA001890E7 /* AppDelegate.swift in Sources */ = {isa = PBXBuildFile; fileRef = FEC3FC56271944EA001890E7 /* AppDelegate.swift */; };
		FEC3FC59271944EA001890E7 /* SceneDelegate.swift in Sources */ = {isa = PBXBuildFile; fileRef = FEC3FC58271944EA001890E7 /* SceneDelegate.swift */; };
		FEC3FC5B271944EA001890E7 /* ViewController.swift in Sources */ = {isa = PBXBuildFile; fileRef = FEC3FC5A271944EA001890E7 /* ViewController.swift */; };
		FEC3FC5E271944EA001890E7 /* Main.storyboard in Resources */ = {isa = PBXBuildFile; fileRef = FEC3FC5C271944EA001890E7 /* Main.storyboard */; };
		FEC3FC60271944EC001890E7 /* Assets.xcassets in Resources */ = {isa = PBXBuildFile; fileRef = FEC3FC5F271944EC001890E7 /* Assets.xcassets */; };
		FEC3FC63271944EC001890E7 /* LaunchScreen.storyboard in Resources */ = {isa = PBXBuildFile; fileRef = FEC3FC61271944EC001890E7 /* LaunchScreen.storyboard */; };
		FEC3FC6D27197F88001890E7 /* MediaInformation.swift in Sources */ = {isa = PBXBuildFile; fileRef = FEC3FC6C27197F88001890E7 /* MediaInformation.swift */; };
		FEC3FC6F271982E0001890E7 /* Media.swift in Sources */ = {isa = PBXBuildFile; fileRef = FEC3FC6E271982E0001890E7 /* Media.swift */; };
		FEC3FC95271ACFC5001890E7 /* MediaTableViewCell.swift in Sources */ = {isa = PBXBuildFile; fileRef = FEC3FC94271ACFC5001890E7 /* MediaTableViewCell.swift */; };
		FEC3FC97271BD0D8001890E7 /* SearchTableViewController.swift in Sources */ = {isa = PBXBuildFile; fileRef = FEC3FC96271BD0D8001890E7 /* SearchTableViewController.swift */; };
		FEC3FC99271BD2F8001890E7 /* SearchTableViewCell.swift in Sources */ = {isa = PBXBuildFile; fileRef = FEC3FC98271BD2F8001890E7 /* SearchTableViewCell.swift */; };
		FEC3FC9B271C3AE0001890E7 /* CastmatesTableViewController.swift in Sources */ = {isa = PBXBuildFile; fileRef = FEC3FC9A271C3AE0001890E7 /* CastmatesTableViewController.swift */; };
		FEC3FC9D271C3C9E001890E7 /* CastmatesTableViewCell.swift in Sources */ = {isa = PBXBuildFile; fileRef = FEC3FC9C271C3C9E001890E7 /* CastmatesTableViewCell.swift */; };
/* End PBXBuildFile section */

/* Begin PBXFileReference section */
		FEC3FC53271944EA001890E7 /* TrendMediaProject.app */ = {isa = PBXFileReference; explicitFileType = wrapper.application; includeInIndex = 0; path = TrendMediaProject.app; sourceTree = BUILT_PRODUCTS_DIR; };
		FEC3FC56271944EA001890E7 /* AppDelegate.swift */ = {isa = PBXFileReference; lastKnownFileType = sourcecode.swift; path = AppDelegate.swift; sourceTree = "<group>"; };
		FEC3FC58271944EA001890E7 /* SceneDelegate.swift */ = {isa = PBXFileReference; lastKnownFileType = sourcecode.swift; path = SceneDelegate.swift; sourceTree = "<group>"; };
		FEC3FC5A271944EA001890E7 /* ViewController.swift */ = {isa = PBXFileReference; lastKnownFileType = sourcecode.swift; path = ViewController.swift; sourceTree = "<group>"; };
		FEC3FC5D271944EA001890E7 /* Base */ = {isa = PBXFileReference; lastKnownFileType = file.storyboard; name = Base; path = Base.lproj/Main.storyboard; sourceTree = "<group>"; };
		FEC3FC5F271944EC001890E7 /* Assets.xcassets */ = {isa = PBXFileReference; lastKnownFileType = folder.assetcatalog; path = Assets.xcassets; sourceTree = "<group>"; };
		FEC3FC62271944EC001890E7 /* Base */ = {isa = PBXFileReference; lastKnownFileType = file.storyboard; name = Base; path = Base.lproj/LaunchScreen.storyboard; sourceTree = "<group>"; };
		FEC3FC64271944EC001890E7 /* Info.plist */ = {isa = PBXFileReference; lastKnownFileType = text.plist.xml; path = Info.plist; sourceTree = "<group>"; };
		FEC3FC6C27197F88001890E7 /* MediaInformation.swift */ = {isa = PBXFileReference; lastKnownFileType = sourcecode.swift; path = MediaInformation.swift; sourceTree = "<group>"; };
		FEC3FC6E271982E0001890E7 /* Media.swift */ = {isa = PBXFileReference; lastKnownFileType = sourcecode.swift; path = Media.swift; sourceTree = "<group>"; };
		FEC3FC94271ACFC5001890E7 /* MediaTableViewCell.swift */ = {isa = PBXFileReference; lastKnownFileType = sourcecode.swift; path = MediaTableViewCell.swift; sourceTree = "<group>"; };
		FEC3FC96271BD0D8001890E7 /* SearchTableViewController.swift */ = {isa = PBXFileReference; lastKnownFileType = sourcecode.swift; path = SearchTableViewController.swift; sourceTree = "<group>"; };
		FEC3FC98271BD2F8001890E7 /* SearchTableViewCell.swift */ = {isa = PBXFileReference; lastKnownFileType = sourcecode.swift; path = SearchTableViewCell.swift; sourceTree = "<group>"; };
		FEC3FC9A271C3AE0001890E7 /* CastmatesTableViewController.swift */ = {isa = PBXFileReference; lastKnownFileType = sourcecode.swift; path = CastmatesTableViewController.swift; sourceTree = "<group>"; };
		FEC3FC9C271C3C9E001890E7 /* CastmatesTableViewCell.swift */ = {isa = PBXFileReference; lastKnownFileType = sourcecode.swift; path = CastmatesTableViewCell.swift; sourceTree = "<group>"; };
/* End PBXFileReference section */

/* Begin PBXFrameworksBuildPhase section */
		FEC3FC50271944EA001890E7 /* Frameworks */ = {
			isa = PBXFrameworksBuildPhase;
			buildActionMask = 2147483647;
			files = (
			);
			runOnlyForDeploymentPostprocessing = 0;
		};
/* End PBXFrameworksBuildPhase section */

/* Begin PBXGroup section */
		FEC3FC4A271944EA001890E7 = {
			isa = PBXGroup;
			children = (
				FEC3FC55271944EA001890E7 /* TrendMediaProject */,
				FEC3FC54271944EA001890E7 /* Products */,
			);
			sourceTree = "<group>";
		};
		FEC3FC54271944EA001890E7 /* Products */ = {
			isa = PBXGroup;
			children = (
				FEC3FC53271944EA001890E7 /* TrendMediaProject.app */,
			);
			name = Products;
			sourceTree = "<group>";
		};
		FEC3FC55271944EA001890E7 /* TrendMediaProject */ = {
			isa = PBXGroup;
			children = (
				FEC3FC56271944EA001890E7 /* AppDelegate.swift */,
				FEC3FC58271944EA001890E7 /* SceneDelegate.swift */,
				FEC3FC5A271944EA001890E7 /* ViewController.swift */,
				FEC3FC94271ACFC5001890E7 /* MediaTableViewCell.swift */,
				FEC3FC5C271944EA001890E7 /* Main.storyboard */,
				FEC3FC9A271C3AE0001890E7 /* CastmatesTableViewController.swift */,
				FEC3FC9C271C3C9E001890E7 /* CastmatesTableViewCell.swift */,
				FEC3FC96271BD0D8001890E7 /* SearchTableViewController.swift */,
				FEC3FC98271BD2F8001890E7 /* SearchTableViewCell.swift */,
				FEC3FC5F271944EC001890E7 /* Assets.xcassets */,
				FEC3FC61271944EC001890E7 /* LaunchScreen.storyboard */,
				FEC3FC64271944EC001890E7 /* Info.plist */,
				FEC3FC6E271982E0001890E7 /* Media.swift */,
				FEC3FC6C27197F88001890E7 /* MediaInformation.swift */,
			);
			path = TrendMediaProject;
			sourceTree = "<group>";
		};
/* End PBXGroup section */

/* Begin PBXNativeTarget section */
		FEC3FC52271944EA001890E7 /* TrendMediaProject */ = {
			isa = PBXNativeTarget;
			buildConfigurationList = FEC3FC67271944EC001890E7 /* Build configuration list for PBXNativeTarget "TrendMediaProject" */;
			buildPhases = (
				FEC3FC4F271944EA001890E7 /* Sources */,
				FEC3FC50271944EA001890E7 /* Frameworks */,
				FEC3FC51271944EA001890E7 /* Resources */,
			);
			buildRules = (
			);
			dependencies = (
			);
			name = TrendMediaProject;
			productName = TrendMediaProject;
			productReference = FEC3FC53271944EA001890E7 /* TrendMediaProject.app */;
			productType = "com.apple.product-type.application";
		};
/* End PBXNativeTarget section */

/* Begin PBXProject section */
		FEC3FC4B271944EA001890E7 /* Project object */ = {
			isa = PBXProject;
			attributes = {
				BuildIndependentTargetsInParallel = 1;
				LastSwiftUpdateCheck = 1300;
				LastUpgradeCheck = 1300;
				TargetAttributes = {
					FEC3FC52271944EA001890E7 = {
						CreatedOnToolsVersion = 13.0;
					};
				};
			};
			buildConfigurationList = FEC3FC4E271944EA001890E7 /* Build configuration list for PBXProject "TrendMediaProject" */;
			compatibilityVersion = "Xcode 13.0";
			developmentRegion = en;
			hasScannedForEncodings = 0;
			knownRegions = (
				en,
				Base,
			);
			mainGroup = FEC3FC4A271944EA001890E7;
			productRefGroup = FEC3FC54271944EA001890E7 /* Products */;
			projectDirPath = "";
			projectRoot = "";
			targets = (
				FEC3FC52271944EA001890E7 /* TrendMediaProject */,
			);
		};
/* End PBXProject section */

/* Begin PBXResourcesBuildPhase section */
		FEC3FC51271944EA001890E7 /* Resources */ = {
			isa = PBXResourcesBuildPhase;
			buildActionMask = 2147483647;
			files = (
				FEC3FC63271944EC001890E7 /* LaunchScreen.storyboard in Resources */,
				FEC3FC60271944EC001890E7 /* Assets.xcassets in Resources */,
				FEC3FC5E271944EA001890E7 /* Main.storyboard in Resources */,
			);
			runOnlyForDeploymentPostprocessing = 0;
		};
/* End PBXResourcesBuildPhase section */

/* Begin PBXSourcesBuildPhase section */
		FEC3FC4F271944EA001890E7 /* Sources */ = {
			isa = PBXSourcesBuildPhase;
			buildActionMask = 2147483647;
			files = (
				FEC3FC5B271944EA001890E7 /* ViewController.swift in Sources */,
				FEC3FC6D27197F88001890E7 /* MediaInformation.swift in Sources */,
				FEC3FC6F271982E0001890E7 /* Media.swift in Sources */,
				FEC3FC97271BD0D8001890E7 /* SearchTableViewController.swift in Sources */,
				FEC3FC57271944EA001890E7 /* AppDelegate.swift in Sources */,
				FEC3FC99271BD2F8001890E7 /* SearchTableViewCell.swift in Sources */,
				FEC3FC95271ACFC5001890E7 /* MediaTableViewCell.swift in Sources */,
				FEC3FC9D271C3C9E001890E7 /* CastmatesTableViewCell.swift in Sources */,
				FEC3FC59271944EA001890E7 /* SceneDelegate.swift in Sources */,
				FEC3FC9B271C3AE0001890E7 /* CastmatesTableViewController.swift in Sources */,
			);
			runOnlyForDeploymentPostprocessing = 0;
		};
/* End PBXSourcesBuildPhase section */

/* Begin PBXVariantGroup section */
		FEC3FC5C271944EA001890E7 /* Main.storyboard */ = {
			isa = PBXVariantGroup;
			children = (
				FEC3FC5D271944EA001890E7 /* Base */,
			);
			name = Main.storyboard;
			sourceTree = "<group>";
		};
		FEC3FC61271944EC001890E7 /* LaunchScreen.storyboard */ = {
			isa = PBXVariantGroup;
			children = (
				FEC3FC62271944EC001890E7 /* Base */,
			);
			name = LaunchScreen.storyboard;
			sourceTree = "<group>";
		};
/* End PBXVariantGroup section */

/* Begin XCBuildConfiguration section */
		FEC3FC65271944EC001890E7 /* Debug */ = {
			isa = XCBuildConfiguration;
			buildSettings = {
				ALWAYS_SEARCH_USER_PATHS = NO;
				CLANG_ANALYZER_NONNULL = YES;
				CLANG_ANALYZER_NUMBER_OBJECT_CONVERSION = YES_AGGRESSIVE;
				CLANG_CXX_LANGUAGE_STANDARD = "gnu++17";
				CLANG_CXX_LIBRARY = "libc++";
				CLANG_ENABLE_MODULES = YES;
				CLANG_ENABLE_OBJC_ARC = YES;
				CLANG_ENABLE_OBJC_WEAK = YES;
				CLANG_WARN_BLOCK_CAPTURE_AUTORELEASING = YES;
				CLANG_WARN_BOOL_CONVERSION = YES;
				CLANG_WARN_COMMA = YES;
				CLANG_WARN_CONSTANT_CONVERSION = YES;
				CLANG_WARN_DEPRECATED_OBJC_IMPLEMENTATIONS = YES;
				CLANG_WARN_DIRECT_OBJC_ISA_USAGE = YES_ERROR;
				CLANG_WARN_DOCUMENTATION_COMMENTS = YES;
				CLANG_WARN_EMPTY_BODY = YES;
				CLANG_WARN_ENUM_CONVERSION = YES;
				CLANG_WARN_INFINITE_RECURSION = YES;
				CLANG_WARN_INT_CONVERSION = YES;
				CLANG_WARN_NON_LITERAL_NULL_CONVERSION = YES;
				CLANG_WARN_OBJC_IMPLICIT_RETAIN_SELF = YES;
				CLANG_WARN_OBJC_LITERAL_CONVERSION = YES;
				CLANG_WARN_OBJC_ROOT_CLASS = YES_ERROR;
				CLANG_WARN_QUOTED_INCLUDE_IN_FRAMEWORK_HEADER = YES;
				CLANG_WARN_RANGE_LOOP_ANALYSIS = YES;
				CLANG_WARN_STRICT_PROTOTYPES = YES;
				CLANG_WARN_SUSPICIOUS_MOVE = YES;
				CLANG_WARN_UNGUARDED_AVAILABILITY = YES_AGGRESSIVE;
				CLANG_WARN_UNREACHABLE_CODE = YES;
				CLANG_WARN__DUPLICATE_METHOD_MATCH = YES;
				COPY_PHASE_STRIP = NO;
				DEBUG_INFORMATION_FORMAT = dwarf;
				ENABLE_STRICT_OBJC_MSGSEND = YES;
				ENABLE_TESTABILITY = YES;
				GCC_C_LANGUAGE_STANDARD = gnu11;
				GCC_DYNAMIC_NO_PIC = NO;
				GCC_NO_COMMON_BLOCKS = YES;
				GCC_OPTIMIZATION_LEVEL = 0;
				GCC_PREPROCESSOR_DEFINITIONS = (
					"DEBUG=1",
					"$(inherited)",
				);
				GCC_WARN_64_TO_32_BIT_CONVERSION = YES;
				GCC_WARN_ABOUT_RETURN_TYPE = YES_ERROR;
				GCC_WARN_UNDECLARED_SELECTOR = YES;
				GCC_WARN_UNINITIALIZED_AUTOS = YES_AGGRESSIVE;
				GCC_WARN_UNUSED_FUNCTION = YES;
				GCC_WARN_UNUSED_VARIABLE = YES;
				IPHONEOS_DEPLOYMENT_TARGET = 15.0;
				MTL_ENABLE_DEBUG_INFO = INCLUDE_SOURCE;
				MTL_FAST_MATH = YES;
				ONLY_ACTIVE_ARCH = YES;
				SDKROOT = iphoneos;
				SWIFT_ACTIVE_COMPILATION_CONDITIONS = DEBUG;
				SWIFT_OPTIMIZATION_LEVEL = "-Onone";
			};
			name = Debug;
		};
		FEC3FC66271944EC001890E7 /* Release */ = {
			isa = XCBuildConfiguration;
			buildSettings = {
				ALWAYS_SEARCH_USER_PATHS = NO;
				CLANG_ANALYZER_NONNULL = YES;
				CLANG_ANALYZER_NUMBER_OBJECT_CONVERSION = YES_AGGRESSIVE;
				CLANG_CXX_LANGUAGE_STANDARD = "gnu++17";
				CLANG_CXX_LIBRARY = "libc++";
				CLANG_ENABLE_MODULES = YES;
				CLANG_ENABLE_OBJC_ARC = YES;
				CLANG_ENABLE_OBJC_WEAK = YES;
				CLANG_WARN_BLOCK_CAPTURE_AUTORELEASING = YES;
				CLANG_WARN_BOOL_CONVERSION = YES;
				CLANG_WARN_COMMA = YES;
				CLANG_WARN_CONSTANT_CONVERSION = YES;
				CLANG_WARN_DEPRECATED_OBJC_IMPLEMENTATIONS = YES;
				CLANG_WARN_DIRECT_OBJC_ISA_USAGE = YES_ERROR;
				CLANG_WARN_DOCUMENTATION_COMMENTS = YES;
				CLANG_WARN_EMPTY_BODY = YES;
				CLANG_WARN_ENUM_CONVERSION = YES;
				CLANG_WARN_INFINITE_RECURSION = YES;
				CLANG_WARN_INT_CONVERSION = YES;
				CLANG_WARN_NON_LITERAL_NULL_CONVERSION = YES;
				CLANG_WARN_OBJC_IMPLICIT_RETAIN_SELF = YES;
				CLANG_WARN_OBJC_LITERAL_CONVERSION = YES;
				CLANG_WARN_OBJC_ROOT_CLASS = YES_ERROR;
				CLANG_WARN_QUOTED_INCLUDE_IN_FRAMEWORK_HEADER = YES;
				CLANG_WARN_RANGE_LOOP_ANALYSIS = YES;
				CLANG_WARN_STRICT_PROTOTYPES = YES;
				CLANG_WARN_SUSPICIOUS_MOVE = YES;
				CLANG_WARN_UNGUARDED_AVAILABILITY = YES_AGGRESSIVE;
				CLANG_WARN_UNREACHABLE_CODE = YES;
				CLANG_WARN__DUPLICATE_METHOD_MATCH = YES;
				COPY_PHASE_STRIP = NO;
				DEBUG_INFORMATION_FORMAT = "dwarf-with-dsym";
				ENABLE_NS_ASSERTIONS = NO;
				ENABLE_STRICT_OBJC_MSGSEND = YES;
				GCC_C_LANGUAGE_STANDARD = gnu11;
				GCC_NO_COMMON_BLOCKS = YES;
				GCC_WARN_64_TO_32_BIT_CONVERSION = YES;
				GCC_WARN_ABOUT_RETURN_TYPE = YES_ERROR;
				GCC_WARN_UNDECLARED_SELECTOR = YES;
				GCC_WARN_UNINITIALIZED_AUTOS = YES_AGGRESSIVE;
				GCC_WARN_UNUSED_FUNCTION = YES;
				GCC_WARN_UNUSED_VARIABLE = YES;
				IPHONEOS_DEPLOYMENT_TARGET = 15.0;
				MTL_ENABLE_DEBUG_INFO = NO;
				MTL_FAST_MATH = YES;
				SDKROOT = iphoneos;
				SWIFT_COMPILATION_MODE = wholemodule;
				SWIFT_OPTIMIZATION_LEVEL = "-O";
				VALIDATE_PRODUCT = YES;
			};
			name = Release;
		};
		FEC3FC68271944EC001890E7 /* Debug */ = {
			isa = XCBuildConfiguration;
			buildSettings = {
				ASSETCATALOG_COMPILER_APPICON_NAME = AppIcon;
				ASSETCATALOG_COMPILER_GLOBAL_ACCENT_COLOR_NAME = AccentColor;
				CODE_SIGN_STYLE = Automatic;
				CURRENT_PROJECT_VERSION = 1;
				DEVELOPMENT_TEAM = YWSA3TX7T7;
				GENERATE_INFOPLIST_FILE = YES;
				INFOPLIST_FILE = TrendMediaProject/Info.plist;
				INFOPLIST_KEY_UIApplicationSupportsIndirectInputEvents = YES;
				INFOPLIST_KEY_UILaunchStoryboardName = LaunchScreen;
				INFOPLIST_KEY_UIMainStoryboardFile = Main;
				INFOPLIST_KEY_UISupportedInterfaceOrientations_iPad = "UIInterfaceOrientationPortrait UIInterfaceOrientationPortraitUpsideDown UIInterfaceOrientationLandscapeLeft UIInterfaceOrientationLandscapeRight";
				INFOPLIST_KEY_UISupportedInterfaceOrientations_iPhone = "UIInterfaceOrientationPortrait UIInterfaceOrientationLandscapeLeft UIInterfaceOrientationLandscapeRight";
				LD_RUNPATH_SEARCH_PATHS = (
					"$(inherited)",
					"@executable_path/Frameworks",
				);
				MARKETING_VERSION = 1.0;
				PRODUCT_BUNDLE_IDENTIFIER = com.kobong.TrendMediaProject;
				PRODUCT_NAME = "$(TARGET_NAME)";
				SWIFT_EMIT_LOC_STRINGS = YES;
				SWIFT_VERSION = 5.0;
				TARGETED_DEVICE_FAMILY = "1,2";
			};
			name = Debug;
		};
		FEC3FC69271944EC001890E7 /* Release */ = {
			isa = XCBuildConfiguration;
			buildSettings = {
				ASSETCATALOG_COMPILER_APPICON_NAME = AppIcon;
				ASSETCATALOG_COMPILER_GLOBAL_ACCENT_COLOR_NAME = AccentColor;
				CODE_SIGN_STYLE = Automatic;
				CURRENT_PROJECT_VERSION = 1;
				DEVELOPMENT_TEAM = YWSA3TX7T7;
				GENERATE_INFOPLIST_FILE = YES;
				INFOPLIST_FILE = TrendMediaProject/Info.plist;
				INFOPLIST_KEY_UIApplicationSupportsIndirectInputEvents = YES;
				INFOPLIST_KEY_UILaunchStoryboardName = LaunchScreen;
				INFOPLIST_KEY_UIMainStoryboardFile = Main;
				INFOPLIST_KEY_UISupportedInterfaceOrientations_iPad = "UIInterfaceOrientationPortrait UIInterfaceOrientationPortraitUpsideDown UIInterfaceOrientationLandscapeLeft UIInterfaceOrientationLandscapeRight";
				INFOPLIST_KEY_UISupportedInterfaceOrientations_iPhone = "UIInterfaceOrientationPortrait UIInterfaceOrientationLandscapeLeft UIInterfaceOrientationLandscapeRight";
				LD_RUNPATH_SEARCH_PATHS = (
					"$(inherited)",
					"@executable_path/Frameworks",
				);
				MARKETING_VERSION = 1.0;
				PRODUCT_BUNDLE_IDENTIFIER = com.kobong.TrendMediaProject;
				PRODUCT_NAME = "$(TARGET_NAME)";
				SWIFT_EMIT_LOC_STRINGS = YES;
				SWIFT_VERSION = 5.0;
				TARGETED_DEVICE_FAMILY = "1,2";
			};
			name = Release;
		};
/* End XCBuildConfiguration section */

/* Begin XCConfigurationList section */
		FEC3FC4E271944EA001890E7 /* Build configuration list for PBXProject "TrendMediaProject" */ = {
			isa = XCConfigurationList;
			buildConfigurations = (
				FEC3FC65271944EC001890E7 /* Debug */,
				FEC3FC66271944EC001890E7 /* Release */,
			);
			defaultConfigurationIsVisible = 0;
			defaultConfigurationName = Release;
		};
		FEC3FC67271944EC001890E7 /* Build configuration list for PBXNativeTarget "TrendMediaProject" */ = {
			isa = XCConfigurationList;
			buildConfigurations = (
				FEC3FC68271944EC001890E7 /* Debug */,
				FEC3FC69271944EC001890E7 /* Release */,
			);
			defaultConfigurationIsVisible = 0;
			defaultConfigurationName = Release;
		};
/* End XCConfigurationList section */
	};
	rootObject = FEC3FC4B271944EA001890E7 /* Project object */;
}
